# Fully resolved environment for the local evaluation stages, generated by
#   .venv/bin/python -m pip freeze
# on 2026-08-07 under Python 3.11.15.
#
# This pins every transitive dependency, not just the direct ones declared in
# requirements.txt. It describes the environment that produced the results in
# results/ and the timings in rq4_benchmark.json.
#
# It does NOT describe the Colab GPU environment that optimized the adversarial
# patch, which ran newer versions. That environment is recorded separately in
# the training run log under logs/, and the difference is disclosed in
# LIMITATIONS.md.
#
# Reproduce with:  pip install -r requirements.lock

coloredlogs==15.0.1
filelock==3.32.2
flatbuffers==25.12.19
fsspec==2026.7.0
humanfriendly==10.0
Jinja2==3.1.6
joblib==1.5.3
MarkupSafe==3.0.3
ml_dtypes==0.5.4
mpmath==1.3.0
narwhals==2.24.0
networkx==3.6.1
numpy==1.26.4
onnx==1.22.0
onnxruntime==1.23.2
packaging==26.3
pillow==12.3.0
protobuf==7.35.1
psutil==7.2.2
pycocotools==2.0.11
PyYAML==6.0.3
scikit-learn==1.9.0
scipy==1.17.1
sympy==1.14.0
threadpoolctl==3.6.0
torch==2.2.2
torchvision==0.17.2
tqdm==4.70.0
typing_extensions==4.16.0
